
Microsoft Visual Studio Solution File, Format Version 12.00
# Visual Studio 2013
VisualStudioVersion = 12.0.31101.0
MinimumVisualStudioVersion = 10.0.40219.1
Project("{2150E333-8FDC-42A3-9474-1A3956D46DE8}") = "Domain", "Domain", "{01A02B28-EA57-4F9E-8D46-037A9EA2EEC9}"
EndProject
Project("{2150E333-8FDC-42A3-9474-1A3956D46DE8}") = "Apps", "Apps", "{F41D3E04-8870-40A6-97F0-B972D2673251}"
EndProject
Project("{2150E333-8FDC-42A3-9474-1A3956D46DE8}") = "Infrastructure", "Infrastructure", "{5D7FAD66-142F-45C6-89BD-3A326E67404F}"
EndProject
Project("{2150E333-8FDC-42A3-9474-1A3956D46DE8}") = "Foundation", "Foundation", "{6775EFD9-EF29-4058-9181-86FCCFF35D6C}"
EndProject
Project("{FAE04EC0-301F-11D3-BF4B-00C04F79EFBC}") = "Infrastructure", "infrastructure\Infrastructure\Infrastructure.csproj", "{EFBC0A48-1858-4D27-A40C-C310298882C1}"
EndProject
Project("{FAE04EC0-301F-11D3-BF4B-00C04F79EFBC}") = "Contracts", "domain\Contracts\Contracts.csproj", "{9922FD40-64BD-47E5-B3CA-C6BD24AB992B}"
EndProject
Project("{FAE04EC0-301F-11D3-BF4B-00C04F79EFBC}") = "Contracts.Tests", "domain\Contracts.Tests\Contracts.Tests.csproj", "{10AE2F81-C59B-4E54-9B61-28F92F4F0657}"
EndProject
Project("{FAE04EC0-301F-11D3-BF4B-00C04F79EFBC}") = "Web.Tests", "apps\Web.Tests\Web.Tests.csproj", "{452273DD-9B7A-4111-B319-D5494A9879D8}"
EndProject
Project("{FAE04EC0-301F-11D3-BF4B-00C04F79EFBC}") = "Infrastructure.Tests", "infrastructure\Infrastructure.Tests\Infrastructure.Tests.csproj", "{CF667B8E-5BB5-4FB9-8A7E-19F625A09285}"
EndProject
Project("{FAE04EC0-301F-11D3-BF4B-00C04F79EFBC}") = "Foundation", "foundation\Foundation\Foundation.csproj", "{C5D919F2-A824-4322-8666-FD393F8B71D3}"
EndProject
Project("{FAE04EC0-301F-11D3-BF4B-00C04F79EFBC}") = "Foundation.Tests", "foundation\Foundation.Tests\Foundation.Tests.csproj", "{7CB2F5E2-73CA-4A50-B03A-1379E0D6C3B9}"
EndProject
Project("{FAE04EC0-301F-11D3-BF4B-00C04F79EFBC}") = "Infrastructure.Data", "infrastructure\Infrastructure.Data\Infrastructure.Data.csproj", "{9BED3ED2-14B6-46D1-8BEC-ADC2C644A1B0}"
EndProject
Project("{2150E333-8FDC-42A3-9474-1A3956D46DE8}") = ".nuget", ".nuget", "{F1C46A13-DBD9-4B47-9EBD-F05A3FEBF4BC}"
	ProjectSection(SolutionItems) = preProject
		.nuget\NuGet.Config = .nuget\NuGet.Config
		.nuget\NuGet.exe = .nuget\NuGet.exe
		.nuget\NuGet.targets = .nuget\NuGet.targets
	EndProjectSection
EndProject
Project("{FAE04EC0-301F-11D3-BF4B-00C04F79EFBC}") = "Implementation", "domain\Implementation\Implementation.csproj", "{390CC4BF-F1DE-4DD7-BAC0-EA914712BE3D}"
EndProject
Project("{FAE04EC0-301F-11D3-BF4B-00C04F79EFBC}") = "Web", "apps\Web\Web.csproj", "{E9FA2F0E-807A-4DA2-8548-8805790CC7DE}"
EndProject
Project("{2150E333-8FDC-42A3-9474-1A3956D46DE8}") = "Service", "Service", "{D169E4D3-3FBF-4AE3-8AEA-17639612092D}"
EndProject
Project("{FAE04EC0-301F-11D3-BF4B-00C04F79EFBC}") = "Api", "service\Api\Api.csproj", "{4EBB8F68-11F2-4149-8A56-54F27D57417A}"
EndProject
Project("{FAE04EC0-301F-11D3-BF4B-00C04F79EFBC}") = "Api.Tests", "service\Api.Tests\Api.Tests.csproj", "{0407831E-A63F-4204-96DD-D406EA70EF6C}"
EndProject
Project("{FAE04EC0-301F-11D3-BF4B-00C04F79EFBC}") = "Api.Proxy", "service\Api.Proxy\Api.Proxy.csproj", "{10991F4B-0AF2-46A6-9F90-BBE513F4AB72}"
EndProject
Project("{FAE04EC0-301F-11D3-BF4B-00C04F79EFBC}") = "Foundation.Data", "foundation\Foundation.Data\Foundation.Data.csproj", "{1203CADE-FFB5-4599-A960-937E00DF4CD3}"
EndProject
Global
	GlobalSection(SolutionConfigurationPlatforms) = preSolution
		Debug|Any CPU = Debug|Any CPU
		Release|Any CPU = Release|Any CPU
	EndGlobalSection
	GlobalSection(ProjectConfigurationPlatforms) = postSolution
		{EFBC0A48-1858-4D27-A40C-C310298882C1}.Debug|Any CPU.ActiveCfg = Debug|Any CPU
		{EFBC0A48-1858-4D27-A40C-C310298882C1}.Debug|Any CPU.Build.0 = Debug|Any CPU
		{EFBC0A48-1858-4D27-A40C-C310298882C1}.Release|Any CPU.ActiveCfg = Release|Any CPU
		{EFBC0A48-1858-4D27-A40C-C310298882C1}.Release|Any CPU.Build.0 = Release|Any CPU
		{9922FD40-64BD-47E5-B3CA-C6BD24AB992B}.Debug|Any CPU.ActiveCfg = Debug|Any CPU
		{9922FD40-64BD-47E5-B3CA-C6BD24AB992B}.Debug|Any CPU.Build.0 = Debug|Any CPU
		{9922FD40-64BD-47E5-B3CA-C6BD24AB992B}.Release|Any CPU.ActiveCfg = Release|Any CPU
		{9922FD40-64BD-47E5-B3CA-C6BD24AB992B}.Release|Any CPU.Build.0 = Release|Any CPU
		{10AE2F81-C59B-4E54-9B61-28F92F4F0657}.Debug|Any CPU.ActiveCfg = Debug|Any CPU
		{10AE2F81-C59B-4E54-9B61-28F92F4F0657}.Debug|Any CPU.Build.0 = Debug|Any CPU
		{10AE2F81-C59B-4E54-9B61-28F92F4F0657}.Release|Any CPU.ActiveCfg = Release|Any CPU
		{10AE2F81-C59B-4E54-9B61-28F92F4F0657}.Release|Any CPU.Build.0 = Release|Any CPU
		{452273DD-9B7A-4111-B319-D5494A9879D8}.Debug|Any CPU.ActiveCfg = Debug|Any CPU
		{452273DD-9B7A-4111-B319-D5494A9879D8}.Debug|Any CPU.Build.0 = Debug|Any CPU
		{452273DD-9B7A-4111-B319-D5494A9879D8}.Release|Any CPU.ActiveCfg = Release|Any CPU
		{452273DD-9B7A-4111-B319-D5494A9879D8}.Release|Any CPU.Build.0 = Release|Any CPU
		{CF667B8E-5BB5-4FB9-8A7E-19F625A09285}.Debug|Any CPU.ActiveCfg = Debug|Any CPU
		{CF667B8E-5BB5-4FB9-8A7E-19F625A09285}.Debug|Any CPU.Build.0 = Debug|Any CPU
		{CF667B8E-5BB5-4FB9-8A7E-19F625A09285}.Release|Any CPU.ActiveCfg = Release|Any CPU
		{CF667B8E-5BB5-4FB9-8A7E-19F625A09285}.Release|Any CPU.Build.0 = Release|Any CPU
		{C5D919F2-A824-4322-8666-FD393F8B71D3}.Debug|Any CPU.ActiveCfg = Debug|Any CPU
		{C5D919F2-A824-4322-8666-FD393F8B71D3}.Debug|Any CPU.Build.0 = Debug|Any CPU
		{C5D919F2-A824-4322-8666-FD393F8B71D3}.Release|Any CPU.ActiveCfg = Release|Any CPU
		{C5D919F2-A824-4322-8666-FD393F8B71D3}.Release|Any CPU.Build.0 = Release|Any CPU
		{7CB2F5E2-73CA-4A50-B03A-1379E0D6C3B9}.Debug|Any CPU.ActiveCfg = Debug|Any CPU
		{7CB2F5E2-73CA-4A50-B03A-1379E0D6C3B9}.Debug|Any CPU.Build.0 = Debug|Any CPU
		{7CB2F5E2-73CA-4A50-B03A-1379E0D6C3B9}.Release|Any CPU.ActiveCfg = Release|Any CPU
		{7CB2F5E2-73CA-4A50-B03A-1379E0D6C3B9}.Release|Any CPU.Build.0 = Release|Any CPU
		{9BED3ED2-14B6-46D1-8BEC-ADC2C644A1B0}.Debug|Any CPU.ActiveCfg = Debug|Any CPU
		{9BED3ED2-14B6-46D1-8BEC-ADC2C644A1B0}.Debug|Any CPU.Build.0 = Debug|Any CPU
		{9BED3ED2-14B6-46D1-8BEC-ADC2C644A1B0}.Release|Any CPU.ActiveCfg = Release|Any CPU
		{9BED3ED2-14B6-46D1-8BEC-ADC2C644A1B0}.Release|Any CPU.Build.0 = Release|Any CPU
		{390CC4BF-F1DE-4DD7-BAC0-EA914712BE3D}.Debug|Any CPU.ActiveCfg = Debug|Any CPU
		{390CC4BF-F1DE-4DD7-BAC0-EA914712BE3D}.Debug|Any CPU.Build.0 = Debug|Any CPU
		{390CC4BF-F1DE-4DD7-BAC0-EA914712BE3D}.Release|Any CPU.ActiveCfg = Release|Any CPU
		{390CC4BF-F1DE-4DD7-BAC0-EA914712BE3D}.Release|Any CPU.Build.0 = Release|Any CPU
		{E9FA2F0E-807A-4DA2-8548-8805790CC7DE}.Debug|Any CPU.ActiveCfg = Debug|Any CPU
		{E9FA2F0E-807A-4DA2-8548-8805790CC7DE}.Debug|Any CPU.Build.0 = Debug|Any CPU
		{E9FA2F0E-807A-4DA2-8548-8805790CC7DE}.Release|Any CPU.ActiveCfg = Release|Any CPU
		{E9FA2F0E-807A-4DA2-8548-8805790CC7DE}.Release|Any CPU.Build.0 = Release|Any CPU
		{4EBB8F68-11F2-4149-8A56-54F27D57417A}.Debug|Any CPU.ActiveCfg = Debug|Any CPU
		{4EBB8F68-11F2-4149-8A56-54F27D57417A}.Debug|Any CPU.Build.0 = Debug|Any CPU
		{4EBB8F68-11F2-4149-8A56-54F27D57417A}.Release|Any CPU.ActiveCfg = Release|Any CPU
		{4EBB8F68-11F2-4149-8A56-54F27D57417A}.Release|Any CPU.Build.0 = Release|Any CPU
		{0407831E-A63F-4204-96DD-D406EA70EF6C}.Debug|Any CPU.ActiveCfg = Debug|Any CPU
		{0407831E-A63F-4204-96DD-D406EA70EF6C}.Debug|Any CPU.Build.0 = Debug|Any CPU
		{0407831E-A63F-4204-96DD-D406EA70EF6C}.Release|Any CPU.ActiveCfg = Release|Any CPU
		{0407831E-A63F-4204-96DD-D406EA70EF6C}.Release|Any CPU.Build.0 = Release|Any CPU
		{10991F4B-0AF2-46A6-9F90-BBE513F4AB72}.Debug|Any CPU.ActiveCfg = Debug|Any CPU
		{10991F4B-0AF2-46A6-9F90-BBE513F4AB72}.Debug|Any CPU.Build.0 = Debug|Any CPU
		{10991F4B-0AF2-46A6-9F90-BBE513F4AB72}.Release|Any CPU.ActiveCfg = Release|Any CPU
		{10991F4B-0AF2-46A6-9F90-BBE513F4AB72}.Release|Any CPU.Build.0 = Release|Any CPU
		{1203CADE-FFB5-4599-A960-937E00DF4CD3}.Debug|Any CPU.ActiveCfg = Debug|Any CPU
		{1203CADE-FFB5-4599-A960-937E00DF4CD3}.Debug|Any CPU.Build.0 = Debug|Any CPU
		{1203CADE-FFB5-4599-A960-937E00DF4CD3}.Release|Any CPU.ActiveCfg = Release|Any CPU
		{1203CADE-FFB5-4599-A960-937E00DF4CD3}.Release|Any CPU.Build.0 = Release|Any CPU
	EndGlobalSection
	GlobalSection(SolutionProperties) = preSolution
		HideSolutionNode = FALSE
	EndGlobalSection
	GlobalSection(NestedProjects) = preSolution
		{EFBC0A48-1858-4D27-A40C-C310298882C1} = {5D7FAD66-142F-45C6-89BD-3A326E67404F}
		{9922FD40-64BD-47E5-B3CA-C6BD24AB992B} = {01A02B28-EA57-4F9E-8D46-037A9EA2EEC9}
		{10AE2F81-C59B-4E54-9B61-28F92F4F0657} = {01A02B28-EA57-4F9E-8D46-037A9EA2EEC9}
		{452273DD-9B7A-4111-B319-D5494A9879D8} = {F41D3E04-8870-40A6-97F0-B972D2673251}
		{CF667B8E-5BB5-4FB9-8A7E-19F625A09285} = {5D7FAD66-142F-45C6-89BD-3A326E67404F}
		{C5D919F2-A824-4322-8666-FD393F8B71D3} = {6775EFD9-EF29-4058-9181-86FCCFF35D6C}
		{7CB2F5E2-73CA-4A50-B03A-1379E0D6C3B9} = {6775EFD9-EF29-4058-9181-86FCCFF35D6C}
		{9BED3ED2-14B6-46D1-8BEC-ADC2C644A1B0} = {5D7FAD66-142F-45C6-89BD-3A326E67404F}
		{390CC4BF-F1DE-4DD7-BAC0-EA914712BE3D} = {01A02B28-EA57-4F9E-8D46-037A9EA2EEC9}
		{E9FA2F0E-807A-4DA2-8548-8805790CC7DE} = {F41D3E04-8870-40A6-97F0-B972D2673251}
		{4EBB8F68-11F2-4149-8A56-54F27D57417A} = {D169E4D3-3FBF-4AE3-8AEA-17639612092D}
		{0407831E-A63F-4204-96DD-D406EA70EF6C} = {D169E4D3-3FBF-4AE3-8AEA-17639612092D}
		{10991F4B-0AF2-46A6-9F90-BBE513F4AB72} = {D169E4D3-3FBF-4AE3-8AEA-17639612092D}
		{1203CADE-FFB5-4599-A960-937E00DF4CD3} = {6775EFD9-EF29-4058-9181-86FCCFF35D6C}
	EndGlobalSection
EndGlobal
